// !$*UTF8*$!
{
	archiveVersion = 1;
	classes = {
	};
	objectVersion = 50;
	objects = {

/* Begin PBXBuildFile section */
		416E961521CAC1850066DFF4 /* TECPostController.m in Sources */ = {isa = PBXBuildFile; fileRef = 416E961421CAC1850066DFF4 /* TECPostController.m */; };
		416E961921CACB160066DFF4 /* RedditPostsTableViewController.swift in Sources */ = {isa = PBXBuildFile; fileRef = 416E961821CACB160066DFF4 /* RedditPostsTableViewController.swift */; };
		416E961B21CACD9D0066DFF4 /* RedditPostTableViewCell.swift in Sources */ = {isa = PBXBuildFile; fileRef = 416E961A21CACD9D0066DFF4 /* RedditPostTableViewCell.swift */; };
		4172612921CAB8F50075F146 /* AppDelegate.m in Sources */ = {isa = PBXBuildFile; fileRef = 4172612821CAB8F50075F146 /* AppDelegate.m */; };
		4172612F21CAB8F60075F146 /* Main.storyboard in Resources */ = {isa = PBXBuildFile; fileRef = 4172612D21CAB8F60075F146 /* Main.storyboard */; };
		4172613121CAB8FD0075F146 /* Assets.xcassets in Resources */ = {isa = PBXBuildFile; fileRef = 4172613021CAB8FD0075F146 /* Assets.xcassets */; };
		4172613421CAB8FD0075F146 /* LaunchScreen.storyboard in Resources */ = {isa = PBXBuildFile; fileRef = 4172613221CAB8FD0075F146 /* LaunchScreen.storyboard */; };
		4172613721CAB8FD0075F146 /* main.m in Sources */ = {isa = PBXBuildFile; fileRef = 4172613621CAB8FD0075F146 /* main.m */; };
		4172613F21CABA5A0075F146 /* Default-568h@2x.png in Resources */ = {isa = PBXBuildFile; fileRef = 4172613E21CABA5A0075F146 /* Default-568h@2x.png */; };
		4172614521CABB630075F146 /* TECPost.m in Sources */ = {isa = PBXBuildFile; fileRef = 4172614421CABB630075F146 /* TECPost.m */; };
/* End PBXBuildFile section */

/* Begin PBXFileReference section */
		416E961321CAC1850066DFF4 /* TECPostController.h */ = {isa = PBXFileReference; lastKnownFileType = sourcecode.c.h; path = TECPostController.h; sourceTree = "<group>"; };
		416E961421CAC1850066DFF4 /* TECPostController.m */ = {isa = PBXFileReference; lastKnownFileType = sourcecode.c.objc; path = TECPostController.m; sourceTree = "<group>"; };
		416E961721CACB150066DFF4 /* InClassRedditC-Bridging-Header.h */ = {isa = PBXFileReference; lastKnownFileType = sourcecode.c.h; path = "InClassRedditC-Bridging-Header.h"; sourceTree = "<group>"; };
		416E961821CACB160066DFF4 /* RedditPostsTableViewController.swift */ = {isa = PBXFileReference; lastKnownFileType = sourcecode.swift; path = RedditPostsTableViewController.swift; sourceTree = "<group>"; };
		416E961A21CACD9D0066DFF4 /* RedditPostTableViewCell.swift */ = {isa = PBXFileReference; lastKnownFileType = sourcecode.swift; path = RedditPostTableViewCell.swift; sourceTree = "<group>"; };
		4172612421CAB8F50075F146 /* InClassRedditC.app */ = {isa = PBXFileReference; explicitFileType = wrapper.application; includeInIndex = 0; path = InClassRedditC.app; sourceTree = BUILT_PRODUCTS_DIR; };
		4172612721CAB8F50075F146 /* AppDelegate.h */ = {isa = PBXFileReference; lastKnownFileType = sourcecode.c.h; path = AppDelegate.h; sourceTree = "<group>"; };
		4172612821CAB8F50075F146 /* AppDelegate.m */ = {isa = PBXFileReference; lastKnownFileType = sourcecode.c.objc; path = AppDelegate.m; sourceTree = "<group>"; };
		4172612E21CAB8F60075F146 /* Base */ = {isa = PBXFileReference; lastKnownFileType = file.storyboard; name = Base; path = Base.lproj/Main.storyboard; sourceTree = "<group>"; };
		4172613021CAB8FD0075F146 /* Assets.xcassets */ = {isa = PBXFileReference; lastKnownFileType = folder.assetcatalog; path = Assets.xcassets; sourceTree = "<group>"; };
		4172613321CAB8FD0075F146 /* Base */ = {isa = PBXFileReference; lastKnownFileType = file.storyboard; name = Base; path = Base.lproj/LaunchScreen.storyboard; sourceTree = "<group>"; };
		4172613521CAB8FD0075F146 /* Info.plist */ = {isa = PBXFileReference; lastKnownFileType = text.plist.xml; path = Info.plist; sourceTree = "<group>"; };
		4172613621CAB8FD0075F146 /* main.m */ = {isa = PBXFileReference; lastKnownFileType = sourcecode.c.objc; path = main.m; sourceTree = "<group>"; };
		4172613E21CABA5A0075F146 /* Default-568h@2x.png */ = {isa = PBXFileReference; lastKnownFileType = image.png; path = "Default-568h@2x.png"; sourceTree = "<group>"; };
		4172614321CABB630075F146 /* TECPost.h */ = {isa = PBXFileReference; lastKnownFileType = sourcecode.c.h; path = TECPost.h; sourceTree = "<group>"; };
		4172614421CABB630075F146 /* TECPost.m */ = {isa = PBXFileReference; lastKnownFileType = sourcecode.c.objc; path = TECPost.m; sourceTree = "<group>"; };
/* End PBXFileReference section */

/* Begin PBXFrameworksBuildPhase section */
		4172612121CAB8F50075F146 /* Frameworks */ = {
			isa = PBXFrameworksBuildPhase;
			buildActionMask = 2147483647;
			files = (
			);
			runOnlyForDeploymentPostprocessing = 0;
		};
/* End PBXFrameworksBuildPhase section */

/* Begin PBXGroup section */
		416E961621CAC18A0066DFF4 /* Controllers */ = {
			isa = PBXGroup;
			children = (
				416E961321CAC1850066DFF4 /* TECPostController.h */,
				416E961421CAC1850066DFF4 /* TECPostController.m */,
				416E961821CACB160066DFF4 /* RedditPostsTableViewController.swift */,
				416E961721CACB150066DFF4 /* InClassRedditC-Bridging-Header.h */,
			);
			path = Controllers;
			sourceTree = "<group>";
		};
		416E961C21CACDAD0066DFF4 /* Views */ = {
			isa = PBXGroup;
			children = (
				416E961A21CACD9D0066DFF4 /* RedditPostTableViewCell.swift */,
			);
			path = Views;
			sourceTree = "<group>";
		};
		4172611B21CAB8F50075F146 = {
			isa = PBXGroup;
			children = (
				4172613E21CABA5A0075F146 /* Default-568h@2x.png */,
				4172612621CAB8F50075F146 /* InClassRedditC */,
				4172612521CAB8F50075F146 /* Products */,
			);
			sourceTree = "<group>";
		};
		4172612521CAB8F50075F146 /* Products */ = {
			isa = PBXGroup;
			children = (
				4172612421CAB8F50075F146 /* InClassRedditC.app */,
			);
			name = Products;
			sourceTree = "<group>";
		};
		4172612621CAB8F50075F146 /* InClassRedditC */ = {
			isa = PBXGroup;
			children = (
				416E961C21CACDAD0066DFF4 /* Views */,
				416E961621CAC18A0066DFF4 /* Controllers */,
				4172614621CABB710075F146 /* Models */,
				4172613D21CAB9320075F146 /* Resources */,
			);
			path = InClassRedditC;
			sourceTree = "<group>";
		};
		4172613D21CAB9320075F146 /* Resources */ = {
			isa = PBXGroup;
			children = (
				4172612721CAB8F50075F146 /* AppDelegate.h */,
				4172612821CAB8F50075F146 /* AppDelegate.m */,
				4172612D21CAB8F60075F146 /* Main.storyboard */,
				4172613021CAB8FD0075F146 /* Assets.xcassets */,
				4172613221CAB8FD0075F146 /* LaunchScreen.storyboard */,
				4172613521CAB8FD0075F146 /* Info.plist */,
				4172613621CAB8FD0075F146 /* main.m */,
			);
			path = Resources;
			sourceTree = "<group>";
		};
		4172614621CABB710075F146 /* Models */ = {
			isa = PBXGroup;
			children = (
				4172614321CABB630075F146 /* TECPost.h */,
				4172614421CABB630075F146 /* TECPost.m */,
			);
			path = Models;
			sourceTree = "<group>";
		};
/* End PBXGroup section */

/* Begin PBXNativeTarget section */
		4172612321CAB8F50075F146 /* InClassRedditC */ = {
			isa = PBXNativeTarget;
			buildConfigurationList = 4172613A21CAB8FD0075F146 /* Build configuration list for PBXNativeTarget "InClassRedditC" */;
			buildPhases = (
				4172612021CAB8F50075F146 /* Sources */,
				4172612121CAB8F50075F146 /* Frameworks */,
				4172612221CAB8F50075F146 /* Resources */,
			);
			buildRules = (
			);
			dependencies = (
			);
			name = InClassRedditC;
			productName = InClassRedditC;
			productReference = 4172612421CAB8F50075F146 /* InClassRedditC.app */;
			productType = "com.apple.product-type.application";
		};
/* End PBXNativeTarget section */

/* Begin PBXProject section */
		4172611C21CAB8F50075F146 /* Project object */ = {
			isa = PBXProject;
			attributes = {
				LastUpgradeCheck = 1010;
				ORGANIZATIONNAME = "Thomas Cowern New";
				TargetAttributes = {
					4172612321CAB8F50075F146 = {
						CreatedOnToolsVersion = 10.1;
						LastSwiftMigration = 1010;
					};
				};
			};
			buildConfigurationList = 4172611F21CAB8F50075F146 /* Build configuration list for PBXProject "InClassRedditC" */;
			compatibilityVersion = "Xcode 9.3";
			developmentRegion = en;
			hasScannedForEncodings = 0;
			knownRegions = (
				en,
				Base,
			);
			mainGroup = 4172611B21CAB8F50075F146;
			productRefGroup = 4172612521CAB8F50075F146 /* Products */;
			projectDirPath = "";
			projectRoot = "";
			targets = (
				4172612321CAB8F50075F146 /* InClassRedditC */,
			);
		};
/* End PBXProject section */

/* Begin PBXResourcesBuildPhase section */
		4172612221CAB8F50075F146 /* Resources */ = {
			isa = PBXResourcesBuildPhase;
			buildActionMask = 2147483647;
			files = (
				4172613421CAB8FD0075F146 /* LaunchScreen.storyboard in Resources */,
				4172613F21CABA5A0075F146 /* Default-568h@2x.png in Resources */,
				4172613121CAB8FD0075F146 /* Assets.xcassets in Resources */,
				4172612F21CAB8F60075F146 /* Main.storyboard in Resources */,
			);
			runOnlyForDeploymentPostprocessing = 0;
		};
/* End PBXResourcesBuildPhase section */

/* Begin PBXSourcesBuildPhase section */
		4172612021CAB8F50075F146 /* Sources */ = {
			isa = PBXSourcesBuildPhase;
			buildActionMask = 2147483647;
			files = (
				416E961521CAC1850066DFF4 /* TECPostController.m in Sources */,
				416E961B21CACD9D0066DFF4 /* RedditPostTableViewCell.swift in Sources */,
				4172613721CAB8FD0075F146 /* main.m in Sources */,
				4172614521CABB630075F146 /* TECPost.m in Sources */,
				416E961921CACB160066DFF4 /* RedditPostsTableViewController.swift in Sources */,
				4172612921CAB8F50075F146 /* AppDelegate.m in Sources */,
			);
			runOnlyForDeploymentPostprocessing = 0;
		};
/* End PBXSourcesBuildPhase section */

/* Begin PBXVariantGroup section */
		4172612D21CAB8F60075F146 /* Main.storyboard */ = {
			isa = PBXVariantGroup;
			children = (
				4172612E21CAB8F60075F146 /* Base */,
			);
			name = Main.storyboard;
			sourceTree = "<group>";
		};
		4172613221CAB8FD0075F146 /* LaunchScreen.storyboard */ = {
			isa = PBXVariantGroup;
			children = (
				4172613321CAB8FD0075F146 /* Base */,
			);
			name = LaunchScreen.storyboard;
			sourceTree = "<group>";
		};
/* End PBXVariantGroup section */

/* Begin XCBuildConfiguration section */
		4172613821CAB8FD0075F146 /* Debug */ = {
			isa = XCBuildConfiguration;
			buildSettings = {
				ALWAYS_SEARCH_USER_PATHS = NO;
				CLANG_ANALYZER_NONNULL = YES;
				CLANG_ANALYZER_NUMBER_OBJECT_CONVERSION = YES_AGGRESSIVE;
				CLANG_CXX_LANGUAGE_STANDARD = "gnu++14";
				CLANG_CXX_LIBRARY = "libc++";
				CLANG_ENABLE_MODULES = YES;
				CLANG_ENABLE_OBJC_ARC = YES;
				CLANG_ENABLE_OBJC_WEAK = YES;
				CLANG_WARN_BLOCK_CAPTURE_AUTORELEASING = YES;
				CLANG_WARN_BOOL_CONVERSION = YES;
				CLANG_WARN_COMMA = YES;
				CLANG_WARN_CONSTANT_CONVERSION = YES;
				CLANG_WARN_DEPRECATED_OBJC_IMPLEMENTATIONS = YES;
				CLANG_WARN_DIRECT_OBJC_ISA_USAGE = YES_ERROR;
				CLANG_WARN_DOCUMENTATION_COMMENTS = YES;
				CLANG_WARN_EMPTY_BODY = YES;
				CLANG_WARN_ENUM_CONVERSION = YES;
				CLANG_WARN_INFINITE_RECURSION = YES;
				CLANG_WARN_INT_CONVERSION = YES;
				CLANG_WARN_NON_LITERAL_NULL_CONVERSION = YES;
				CLANG_WARN_OBJC_IMPLICIT_RETAIN_SELF = YES;
				CLANG_WARN_OBJC_LITERAL_CONVERSION = YES;
				CLANG_WARN_OBJC_ROOT_CLASS = YES_ERROR;
				CLANG_WARN_RANGE_LOOP_ANALYSIS = YES;
				CLANG_WARN_STRICT_PROTOTYPES = YES;
				CLANG_WARN_SUSPICIOUS_MOVE = YES;
				CLANG_WARN_UNGUARDED_AVAILABILITY = YES_AGGRESSIVE;
				CLANG_WARN_UNREACHABLE_CODE = YES;
				CLANG_WARN__DUPLICATE_METHOD_MATCH = YES;
				CODE_SIGN_IDENTITY = "iPhone Developer";
				COPY_PHASE_STRIP = NO;
				DEBUG_INFORMATION_FORMAT = dwarf;
				ENABLE_STRICT_OBJC_MSGSEND = YES;
				ENABLE_TESTABILITY = YES;
				GCC_C_LANGUAGE_STANDARD = gnu11;
				GCC_DYNAMIC_NO_PIC = NO;
				GCC_NO_COMMON_BLOCKS = YES;
				GCC_OPTIMIZATION_LEVEL = 0;
				GCC_PREPROCESSOR_DEFINITIONS = (
					"DEBUG=1",
					"$(inherited)",
				);
				GCC_WARN_64_TO_32_BIT_CONVERSION = YES;
				GCC_WARN_ABOUT_RETURN_TYPE = YES_ERROR;
				GCC_WARN_UNDECLARED_SELECTOR = YES;
				GCC_WARN_UNINITIALIZED_AUTOS = YES_AGGRESSIVE;
				GCC_WARN_UNUSED_FUNCTION = YES;
				GCC_WARN_UNUSED_VARIABLE = YES;
				IPHONEOS_DEPLOYMENT_TARGET = 12.1;
				MTL_ENABLE_DEBUG_INFO = INCLUDE_SOURCE;
				MTL_FAST_MATH = YES;
				ONLY_ACTIVE_ARCH = YES;
				SDKROOT = iphoneos;
			};
			name = Debug;
		};
		4172613921CAB8FD0075F146 /* Release */ = {
			isa = XCBuildConfiguration;
			buildSettings = {
				ALWAYS_SEARCH_USER_PATHS = NO;
				CLANG_ANALYZER_NONNULL = YES;
				CLANG_ANALYZER_NUMBER_OBJECT_CONVERSION = YES_AGGRESSIVE;
				CLANG_CXX_LANGUAGE_STANDARD = "gnu++14";
				CLANG_CXX_LIBRARY = "libc++";
				CLANG_ENABLE_MODULES = YES;
				CLANG_ENABLE_OBJC_ARC = YES;
				CLANG_ENABLE_OBJC_WEAK = YES;
				CLANG_WARN_BLOCK_CAPTURE_AUTORELEASING = YES;
				CLANG_WARN_BOOL_CONVERSION = YES;
				CLANG_WARN_COMMA = YES;
				CLANG_WARN_CONSTANT_CONVERSION = YES;
				CLANG_WARN_DEPRECATED_OBJC_IMPLEMENTATIONS = YES;
				CLANG_WARN_DIRECT_OBJC_ISA_USAGE = YES_ERROR;
				CLANG_WARN_DOCUMENTATION_COMMENTS = YES;
				CLANG_WARN_EMPTY_BODY = YES;
				CLANG_WARN_ENUM_CONVERSION = YES;
				CLANG_WARN_INFINITE_RECURSION = YES;
				CLANG_WARN_INT_CONVERSION = YES;
				CLANG_WARN_NON_LITERAL_NULL_CONVERSION = YES;
				CLANG_WARN_OBJC_IMPLICIT_RETAIN_SELF = YES;
				CLANG_WARN_OBJC_LITERAL_CONVERSION = YES;
				CLANG_WARN_OBJC_ROOT_CLASS = YES_ERROR;
				CLANG_WARN_RANGE_LOOP_ANALYSIS = YES;
				CLANG_WARN_STRICT_PROTOTYPES = YES;
				CLANG_WARN_SUSPICIOUS_MOVE = YES;
				CLANG_WARN_UNGUARDED_AVAILABILITY = YES_AGGRESSIVE;
				CLANG_WARN_UNREACHABLE_CODE = YES;
				CLANG_WARN__DUPLICATE_METHOD_MATCH = YES;
				CODE_SIGN_IDENTITY = "iPhone Developer";
				COPY_PHASE_STRIP = NO;
				DEBUG_INFORMATION_FORMAT = "dwarf-with-dsym";
				ENABLE_NS_ASSERTIONS = NO;
				ENABLE_STRICT_OBJC_MSGSEND = YES;
				GCC_C_LANGUAGE_STANDARD = gnu11;
				GCC_NO_COMMON_BLOCKS = YES;
				GCC_WARN_64_TO_32_BIT_CONVERSION = YES;
				GCC_WARN_ABOUT_RETURN_TYPE = YES_ERROR;
				GCC_WARN_UNDECLARED_SELECTOR = YES;
				GCC_WARN_UNINITIALIZED_AUTOS = YES_AGGRESSIVE;
				GCC_WARN_UNUSED_FUNCTION = YES;
				GCC_WARN_UNUSED_VARIABLE = YES;
				IPHONEOS_DEPLOYMENT_TARGET = 12.1;
				MTL_ENABLE_DEBUG_INFO = NO;
				MTL_FAST_MATH = YES;
				SDKROOT = iphoneos;
				VALIDATE_PRODUCT = YES;
			};
			name = Release;
		};
		4172613B21CAB8FD0075F146 /* Debug */ = {
			isa = XCBuildConfiguration;
			buildSettings = {
				ASSETCATALOG_COMPILER_APPICON_NAME = AppIcon;
				CLANG_ENABLE_MODULES = YES;
				CODE_SIGN_STYLE = Automatic;
				DEVELOPMENT_TEAM = 56F54J4H3N;
				INFOPLIST_FILE = "$(SRCROOT)/InClassRedditC/Resources/Info.plist";
				LD_RUNPATH_SEARCH_PATHS = (
					"$(inherited)",
					"@executable_path/Frameworks",
				);
				PRODUCT_BUNDLE_IDENTIFIER = com.vetDevHouse.InClassRedditC;
				PRODUCT_NAME = "$(TARGET_NAME)";
				SWIFT_OBJC_BRIDGING_HEADER = "InClassRedditC/Controllers/InClassRedditC-Bridging-Header.h";
				SWIFT_OPTIMIZATION_LEVEL = "-Onone";
				SWIFT_VERSION = 4.2;
				TARGETED_DEVICE_FAMILY = "1,2";
			};
			name = Debug;
		};
		4172613C21CAB8FD0075F146 /* Release */ = {
			isa = XCBuildConfiguration;
			buildSettings = {
				ASSETCATALOG_COMPILER_APPICON_NAME = AppIcon;
				CLANG_ENABLE_MODULES = YES;
				CODE_SIGN_STYLE = Automatic;
				DEVELOPMENT_TEAM = 56F54J4H3N;
				INFOPLIST_FILE = "$(SRCROOT)/InClassRedditC/Resources/Info.plist";
				LD_RUNPATH_SEARCH_PATHS = (
					"$(inherited)",
					"@executable_path/Frameworks",
				);
				PRODUCT_BUNDLE_IDENTIFIER = com.vetDevHouse.InClassRedditC;
				PRODUCT_NAME = "$(TARGET_NAME)";
				SWIFT_OBJC_BRIDGING_HEADER = "InClassRedditC/Controllers/InClassRedditC-Bridging-Header.h";
				SWIFT_VERSION = 4.2;
				TARGETED_DEVICE_FAMILY = "1,2";
			};
			name = Release;
		};
/* End XCBuildConfiguration section */

/* Begin XCConfigurationList section */
		4172611F21CAB8F50075F146 /* Build configuration list for PBXProject "InClassRedditC" */ = {
			isa = XCConfigurationList;
			buildConfigurations = (
				4172613821CAB8FD0075F146 /* Debug */,
				4172613921CAB8FD0075F146 /* Release */,
			);
			defaultConfigurationIsVisible = 0;
			defaultConfigurationName = Release;
		};
		4172613A21CAB8FD0075F146 /* Build configuration list for PBXNativeTarget "InClassRedditC" */ = {
			isa = XCConfigurationList;
			buildConfigurations = (
				4172613B21CAB8FD0075F146 /* Debug */,
				4172613C21CAB8FD0075F146 /* Release */,
			);
			defaultConfigurationIsVisible = 0;
			defaultConfigurationName = Release;
		};
/* End XCConfigurationList section */
	};
	rootObject = 4172611C21CAB8F50075F146 /* Project object */;
}
