// !$*UTF8*$!
{
	archiveVersion = 1;
	classes = {
	};
	objectVersion = 50;
	objects = {

/* Begin PBXBuildFile section */
		4139D36121C8128B0027A9DC /* AppDelegate.swift in Sources */ = {isa = PBXBuildFile; fileRef = 4139D36021C8128B0027A9DC /* AppDelegate.swift */; };
		4139D36621C8128B0027A9DC /* Main.storyboard in Resources */ = {isa = PBXBuildFile; fileRef = 4139D36421C8128B0027A9DC /* Main.storyboard */; };
		4139D36B21C812930027A9DC /* LaunchScreen.storyboard in Resources */ = {isa = PBXBuildFile; fileRef = 4139D36921C812930027A9DC /* LaunchScreen.storyboard */; };
		4139D39721C8135C0027A9DC /* Assets.xcassets in Resources */ = {isa = PBXBuildFile; fileRef = 4139D39621C8135C0027A9DC /* Assets.xcassets */; };
		4139D39B21C8159D0027A9DC /* State.swift in Sources */ = {isa = PBXBuildFile; fileRef = 4139D39A21C8159D0027A9DC /* State.swift */; };
		4139D3A721C81D660027A9DC /* StateController.swift in Sources */ = {isa = PBXBuildFile; fileRef = 4139D3A621C81D660027A9DC /* StateController.swift */; };
		4139D3AC21C827860027A9DC /* StatesCollectionViewController.swift in Sources */ = {isa = PBXBuildFile; fileRef = 4139D3AB21C827860027A9DC /* StatesCollectionViewController.swift */; };
		4139D3AE21C828BF0027A9DC /* StateCollectionViewCell.swift in Sources */ = {isa = PBXBuildFile; fileRef = 4139D3AD21C828BF0027A9DC /* StateCollectionViewCell.swift */; };
/* End PBXBuildFile section */

/* Begin PBXFileReference section */
		4139D35D21C8128B0027A9DC /* StateFlags.app */ = {isa = PBXFileReference; explicitFileType = wrapper.application; includeInIndex = 0; path = StateFlags.app; sourceTree = BUILT_PRODUCTS_DIR; };
		4139D36021C8128B0027A9DC /* AppDelegate.swift */ = {isa = PBXFileReference; lastKnownFileType = sourcecode.swift; path = AppDelegate.swift; sourceTree = "<group>"; };
		4139D36521C8128B0027A9DC /* Base */ = {isa = PBXFileReference; lastKnownFileType = file.storyboard; name = Base; path = Base.lproj/Main.storyboard; sourceTree = "<group>"; };
		4139D36A21C812930027A9DC /* Base */ = {isa = PBXFileReference; lastKnownFileType = file.storyboard; name = Base; path = Base.lproj/LaunchScreen.storyboard; sourceTree = "<group>"; };
		4139D36C21C812930027A9DC /* Info.plist */ = {isa = PBXFileReference; lastKnownFileType = text.plist.xml; path = Info.plist; sourceTree = "<group>"; };
		4139D39621C8135C0027A9DC /* Assets.xcassets */ = {isa = PBXFileReference; lastKnownFileType = folder.assetcatalog; name = Assets.xcassets; path = ../../../../../../Assets.xcassets; sourceTree = "<group>"; };
		4139D39921C8156F0027A9DC /* Assets.xcassets */ = {isa = PBXFileReference; lastKnownFileType = folder.assetcatalog; path = Assets.xcassets; sourceTree = "<group>"; };
		4139D39A21C8159D0027A9DC /* State.swift */ = {isa = PBXFileReference; lastKnownFileType = sourcecode.swift; path = State.swift; sourceTree = "<group>"; };
		4139D3A621C81D660027A9DC /* StateController.swift */ = {isa = PBXFileReference; lastKnownFileType = sourcecode.swift; path = StateController.swift; sourceTree = "<group>"; };
		4139D3AB21C827860027A9DC /* StatesCollectionViewController.swift */ = {isa = PBXFileReference; lastKnownFileType = sourcecode.swift; path = StatesCollectionViewController.swift; sourceTree = "<group>"; };
		4139D3AD21C828BF0027A9DC /* StateCollectionViewCell.swift */ = {isa = PBXFileReference; lastKnownFileType = sourcecode.swift; path = StateCollectionViewCell.swift; sourceTree = "<group>"; };
/* End PBXFileReference section */

/* Begin PBXFrameworksBuildPhase section */
		4139D35A21C8128B0027A9DC /* Frameworks */ = {
			isa = PBXFrameworksBuildPhase;
			buildActionMask = 2147483647;
			files = (
			);
			runOnlyForDeploymentPostprocessing = 0;
		};
/* End PBXFrameworksBuildPhase section */

/* Begin PBXGroup section */
		4139D35421C8128B0027A9DC = {
			isa = PBXGroup;
			children = (
				4139D39A21C8159D0027A9DC /* State.swift */,
				4139D3A621C81D660027A9DC /* StateController.swift */,
				4139D3AB21C827860027A9DC /* StatesCollectionViewController.swift */,
				4139D3AD21C828BF0027A9DC /* StateCollectionViewCell.swift */,
				4139D35F21C8128B0027A9DC /* StateFlags */,
				4139D35E21C8128B0027A9DC /* Products */,
			);
			sourceTree = "<group>";
		};
		4139D35E21C8128B0027A9DC /* Products */ = {
			isa = PBXGroup;
			children = (
				4139D35D21C8128B0027A9DC /* StateFlags.app */,
			);
			name = Products;
			sourceTree = "<group>";
		};
		4139D35F21C8128B0027A9DC /* StateFlags */ = {
			isa = PBXGroup;
			children = (
				4139D39821C8156A0027A9DC /* Resources */,
				4139D39621C8135C0027A9DC /* Assets.xcassets */,
			);
			path = StateFlags;
			sourceTree = "<group>";
		};
		4139D39821C8156A0027A9DC /* Resources */ = {
			isa = PBXGroup;
			children = (
				4139D36021C8128B0027A9DC /* AppDelegate.swift */,
				4139D36421C8128B0027A9DC /* Main.storyboard */,
				4139D39921C8156F0027A9DC /* Assets.xcassets */,
				4139D36921C812930027A9DC /* LaunchScreen.storyboard */,
				4139D36C21C812930027A9DC /* Info.plist */,
			);
			path = Resources;
			sourceTree = "<group>";
		};
/* End PBXGroup section */

/* Begin PBXNativeTarget section */
		4139D35C21C8128B0027A9DC /* StateFlags */ = {
			isa = PBXNativeTarget;
			buildConfigurationList = 4139D36F21C812930027A9DC /* Build configuration list for PBXNativeTarget "StateFlags" */;
			buildPhases = (
				4139D35921C8128B0027A9DC /* Sources */,
				4139D35A21C8128B0027A9DC /* Frameworks */,
				4139D35B21C8128B0027A9DC /* Resources */,
			);
			buildRules = (
			);
			dependencies = (
			);
			name = StateFlags;
			productName = StateFlags;
			productReference = 4139D35D21C8128B0027A9DC /* StateFlags.app */;
			productType = "com.apple.product-type.application";
		};
/* End PBXNativeTarget section */

/* Begin PBXProject section */
		4139D35521C8128B0027A9DC /* Project object */ = {
			isa = PBXProject;
			attributes = {
				LastSwiftUpdateCheck = 1010;
				LastUpgradeCheck = 1010;
				ORGANIZATIONNAME = "Thomas Cowern New";
				TargetAttributes = {
					4139D35C21C8128B0027A9DC = {
						CreatedOnToolsVersion = 10.1;
					};
				};
			};
			buildConfigurationList = 4139D35821C8128B0027A9DC /* Build configuration list for PBXProject "StateFlags" */;
			compatibilityVersion = "Xcode 9.3";
			developmentRegion = en;
			hasScannedForEncodings = 0;
			knownRegions = (
				en,
				Base,
			);
			mainGroup = 4139D35421C8128B0027A9DC;
			productRefGroup = 4139D35E21C8128B0027A9DC /* Products */;
			projectDirPath = "";
			projectRoot = "";
			targets = (
				4139D35C21C8128B0027A9DC /* StateFlags */,
			);
		};
/* End PBXProject section */

/* Begin PBXResourcesBuildPhase section */
		4139D35B21C8128B0027A9DC /* Resources */ = {
			isa = PBXResourcesBuildPhase;
			buildActionMask = 2147483647;
			files = (
				4139D36B21C812930027A9DC /* LaunchScreen.storyboard in Resources */,
				4139D39721C8135C0027A9DC /* Assets.xcassets in Resources */,
				4139D36621C8128B0027A9DC /* Main.storyboard in Resources */,
			);
			runOnlyForDeploymentPostprocessing = 0;
		};
/* End PBXResourcesBuildPhase section */

/* Begin PBXSourcesBuildPhase section */
		4139D35921C8128B0027A9DC /* Sources */ = {
			isa = PBXSourcesBuildPhase;
			buildActionMask = 2147483647;
			files = (
				4139D3AE21C828BF0027A9DC /* StateCollectionViewCell.swift in Sources */,
				4139D36121C8128B0027A9DC /* AppDelegate.swift in Sources */,
				4139D3A721C81D660027A9DC /* StateController.swift in Sources */,
				4139D3AC21C827860027A9DC /* StatesCollectionViewController.swift in Sources */,
				4139D39B21C8159D0027A9DC /* State.swift in Sources */,
			);
			runOnlyForDeploymentPostprocessing = 0;
		};
/* End PBXSourcesBuildPhase section */

/* Begin PBXVariantGroup section */
		4139D36421C8128B0027A9DC /* Main.storyboard */ = {
			isa = PBXVariantGroup;
			children = (
				4139D36521C8128B0027A9DC /* Base */,
			);
			name = Main.storyboard;
			sourceTree = "<group>";
		};
		4139D36921C812930027A9DC /* LaunchScreen.storyboard */ = {
			isa = PBXVariantGroup;
			children = (
				4139D36A21C812930027A9DC /* Base */,
			);
			name = LaunchScreen.storyboard;
			sourceTree = "<group>";
		};
/* End PBXVariantGroup section */

/* Begin XCBuildConfiguration section */
		4139D36D21C812930027A9DC /* Debug */ = {
			isa = XCBuildConfiguration;
			buildSettings = {
				ALWAYS_SEARCH_USER_PATHS = NO;
				CLANG_ANALYZER_NONNULL = YES;
				CLANG_ANALYZER_NUMBER_OBJECT_CONVERSION = YES_AGGRESSIVE;
				CLANG_CXX_LANGUAGE_STANDARD = "gnu++14";
				CLANG_CXX_LIBRARY = "libc++";
				CLANG_ENABLE_MODULES = YES;
				CLANG_ENABLE_OBJC_ARC = YES;
				CLANG_ENABLE_OBJC_WEAK = YES;
				CLANG_WARN_BLOCK_CAPTURE_AUTORELEASING = YES;
				CLANG_WARN_BOOL_CONVERSION = YES;
				CLANG_WARN_COMMA = YES;
				CLANG_WARN_CONSTANT_CONVERSION = YES;
				CLANG_WARN_DEPRECATED_OBJC_IMPLEMENTATIONS = YES;
				CLANG_WARN_DIRECT_OBJC_ISA_USAGE = YES_ERROR;
				CLANG_WARN_DOCUMENTATION_COMMENTS = YES;
				CLANG_WARN_EMPTY_BODY = YES;
				CLANG_WARN_ENUM_CONVERSION = YES;
				CLANG_WARN_INFINITE_RECURSION = YES;
				CLANG_WARN_INT_CONVERSION = YES;
				CLANG_WARN_NON_LITERAL_NULL_CONVERSION = YES;
				CLANG_WARN_OBJC_IMPLICIT_RETAIN_SELF = YES;
				CLANG_WARN_OBJC_LITERAL_CONVERSION = YES;
				CLANG_WARN_OBJC_ROOT_CLASS = YES_ERROR;
				CLANG_WARN_RANGE_LOOP_ANALYSIS = YES;
				CLANG_WARN_STRICT_PROTOTYPES = YES;
				CLANG_WARN_SUSPICIOUS_MOVE = YES;
				CLANG_WARN_UNGUARDED_AVAILABILITY = YES_AGGRESSIVE;
				CLANG_WARN_UNREACHABLE_CODE = YES;
				CLANG_WARN__DUPLICATE_METHOD_MATCH = YES;
				CODE_SIGN_IDENTITY = "iPhone Developer";
				COPY_PHASE_STRIP = NO;
				DEBUG_INFORMATION_FORMAT = dwarf;
				ENABLE_STRICT_OBJC_MSGSEND = YES;
				ENABLE_TESTABILITY = YES;
				GCC_C_LANGUAGE_STANDARD = gnu11;
				GCC_DYNAMIC_NO_PIC = NO;
				GCC_NO_COMMON_BLOCKS = YES;
				GCC_OPTIMIZATION_LEVEL = 0;
				GCC_PREPROCESSOR_DEFINITIONS = (
					"DEBUG=1",
					"$(inherited)",
				);
				GCC_WARN_64_TO_32_BIT_CONVERSION = YES;
				GCC_WARN_ABOUT_RETURN_TYPE = YES_ERROR;
				GCC_WARN_UNDECLARED_SELECTOR = YES;
				GCC_WARN_UNINITIALIZED_AUTOS = YES_AGGRESSIVE;
				GCC_WARN_UNUSED_FUNCTION = YES;
				GCC_WARN_UNUSED_VARIABLE = YES;
				IPHONEOS_DEPLOYMENT_TARGET = 12.1;
				MTL_ENABLE_DEBUG_INFO = INCLUDE_SOURCE;
				MTL_FAST_MATH = YES;
				ONLY_ACTIVE_ARCH = YES;
				SDKROOT = iphoneos;
				SWIFT_ACTIVE_COMPILATION_CONDITIONS = DEBUG;
				SWIFT_OPTIMIZATION_LEVEL = "-Onone";
			};
			name = Debug;
		};
		4139D36E21C812930027A9DC /* Release */ = {
			isa = XCBuildConfiguration;
			buildSettings = {
				ALWAYS_SEARCH_USER_PATHS = NO;
				CLANG_ANALYZER_NONNULL = YES;
				CLANG_ANALYZER_NUMBER_OBJECT_CONVERSION = YES_AGGRESSIVE;
				CLANG_CXX_LANGUAGE_STANDARD = "gnu++14";
				CLANG_CXX_LIBRARY = "libc++";
				CLANG_ENABLE_MODULES = YES;
				CLANG_ENABLE_OBJC_ARC = YES;
				CLANG_ENABLE_OBJC_WEAK = YES;
				CLANG_WARN_BLOCK_CAPTURE_AUTORELEASING = YES;
				CLANG_WARN_BOOL_CONVERSION = YES;
				CLANG_WARN_COMMA = YES;
				CLANG_WARN_CONSTANT_CONVERSION = YES;
				CLANG_WARN_DEPRECATED_OBJC_IMPLEMENTATIONS = YES;
				CLANG_WARN_DIRECT_OBJC_ISA_USAGE = YES_ERROR;
				CLANG_WARN_DOCUMENTATION_COMMENTS = YES;
				CLANG_WARN_EMPTY_BODY = YES;
				CLANG_WARN_ENUM_CONVERSION = YES;
				CLANG_WARN_INFINITE_RECURSION = YES;
				CLANG_WARN_INT_CONVERSION = YES;
				CLANG_WARN_NON_LITERAL_NULL_CONVERSION = YES;
				CLANG_WARN_OBJC_IMPLICIT_RETAIN_SELF = YES;
				CLANG_WARN_OBJC_LITERAL_CONVERSION = YES;
				CLANG_WARN_OBJC_ROOT_CLASS = YES_ERROR;
				CLANG_WARN_RANGE_LOOP_ANALYSIS = YES;
				CLANG_WARN_STRICT_PROTOTYPES = YES;
				CLANG_WARN_SUSPICIOUS_MOVE = YES;
				CLANG_WARN_UNGUARDED_AVAILABILITY = YES_AGGRESSIVE;
				CLANG_WARN_UNREACHABLE_CODE = YES;
				CLANG_WARN__DUPLICATE_METHOD_MATCH = YES;
				CODE_SIGN_IDENTITY = "iPhone Developer";
				COPY_PHASE_STRIP = NO;
				DEBUG_INFORMATION_FORMAT = "dwarf-with-dsym";
				ENABLE_NS_ASSERTIONS = NO;
				ENABLE_STRICT_OBJC_MSGSEND = YES;
				GCC_C_LANGUAGE_STANDARD = gnu11;
				GCC_NO_COMMON_BLOCKS = YES;
				GCC_WARN_64_TO_32_BIT_CONVERSION = YES;
				GCC_WARN_ABOUT_RETURN_TYPE = YES_ERROR;
				GCC_WARN_UNDECLARED_SELECTOR = YES;
				GCC_WARN_UNINITIALIZED_AUTOS = YES_AGGRESSIVE;
				GCC_WARN_UNUSED_FUNCTION = YES;
				GCC_WARN_UNUSED_VARIABLE = YES;
				IPHONEOS_DEPLOYMENT_TARGET = 12.1;
				MTL_ENABLE_DEBUG_INFO = NO;
				MTL_FAST_MATH = YES;
				SDKROOT = iphoneos;
				SWIFT_COMPILATION_MODE = wholemodule;
				SWIFT_OPTIMIZATION_LEVEL = "-O";
				VALIDATE_PRODUCT = YES;
			};
			name = Release;
		};
		4139D37021C812930027A9DC /* Debug */ = {
			isa = XCBuildConfiguration;
			buildSettings = {
				ASSETCATALOG_COMPILER_APPICON_NAME = AppIcon;
				CODE_SIGN_STYLE = Automatic;
				DEVELOPMENT_TEAM = 56F54J4H3N;
				INFOPLIST_FILE = "$(SRCROOT)/StateFlags/Resources/Info.plist";
				LD_RUNPATH_SEARCH_PATHS = (
					"$(inherited)",
					"@executable_path/Frameworks",
				);
				PRODUCT_BUNDLE_IDENTIFIER = com.vetDevHouse.StateFlags;
				PRODUCT_NAME = "$(TARGET_NAME)";
				SWIFT_VERSION = 4.2;
				TARGETED_DEVICE_FAMILY = "1,2";
			};
			name = Debug;
		};
		4139D37121C812930027A9DC /* Release */ = {
			isa = XCBuildConfiguration;
			buildSettings = {
				ASSETCATALOG_COMPILER_APPICON_NAME = AppIcon;
				CODE_SIGN_STYLE = Automatic;
				DEVELOPMENT_TEAM = 56F54J4H3N;
				INFOPLIST_FILE = "$(SRCROOT)/StateFlags/Resources/Info.plist";
				LD_RUNPATH_SEARCH_PATHS = (
					"$(inherited)",
					"@executable_path/Frameworks",
				);
				PRODUCT_BUNDLE_IDENTIFIER = com.vetDevHouse.StateFlags;
				PRODUCT_NAME = "$(TARGET_NAME)";
				SWIFT_VERSION = 4.2;
				TARGETED_DEVICE_FAMILY = "1,2";
			};
			name = Release;
		};
/* End XCBuildConfiguration section */

/* Begin XCConfigurationList section */
		4139D35821C8128B0027A9DC /* Build configuration list for PBXProject "StateFlags" */ = {
			isa = XCConfigurationList;
			buildConfigurations = (
				4139D36D21C812930027A9DC /* Debug */,
				4139D36E21C812930027A9DC /* Release */,
			);
			defaultConfigurationIsVisible = 0;
			defaultConfigurationName = Release;
		};
		4139D36F21C812930027A9DC /* Build configuration list for PBXNativeTarget "StateFlags" */ = {
			isa = XCConfigurationList;
			buildConfigurations = (
				4139D37021C812930027A9DC /* Debug */,
				4139D37121C812930027A9DC /* Release */,
			);
			defaultConfigurationIsVisible = 0;
			defaultConfigurationName = Release;
		};
/* End XCConfigurationList section */
	};
	rootObject = 4139D35521C8128B0027A9DC /* Project object */;
}
