// !$*UTF8*$!
{
	archiveVersion = 1;
	classes = {
	};
	objectVersion = 50;
	objects = {

/* Begin PBXBuildFile section */
		41912AC621C17A4E00701C6E /* AppDelegate.swift in Sources */ = {isa = PBXBuildFile; fileRef = 41912AC521C17A4E00701C6E /* AppDelegate.swift */; };
		41912ACB21C17A4E00701C6E /* Main.storyboard in Resources */ = {isa = PBXBuildFile; fileRef = 41912AC921C17A4E00701C6E /* Main.storyboard */; };
		41912ACD21C17A5200701C6E /* Assets.xcassets in Resources */ = {isa = PBXBuildFile; fileRef = 41912ACC21C17A5200701C6E /* Assets.xcassets */; };
		41912AD021C17A5200701C6E /* LaunchScreen.storyboard in Resources */ = {isa = PBXBuildFile; fileRef = 41912ACE21C17A5200701C6E /* LaunchScreen.storyboard */; };
		41912AD821C17D3100701C6E /* Post.swift in Sources */ = {isa = PBXBuildFile; fileRef = 41912AD721C17D3100701C6E /* Post.swift */; };
		41912ADC21C181A200701C6E /* PostController.swift in Sources */ = {isa = PBXBuildFile; fileRef = 41912ADB21C181A200701C6E /* PostController.swift */; };
		41912ADE21C18C1C00701C6E /* PostListTableViewController.swift in Sources */ = {isa = PBXBuildFile; fileRef = 41912ADD21C18C1C00701C6E /* PostListTableViewController.swift */; };
/* End PBXBuildFile section */

/* Begin PBXFileReference section */
		41912AC221C17A4E00701C6E /* WhyiOS.app */ = {isa = PBXFileReference; explicitFileType = wrapper.application; includeInIndex = 0; path = WhyiOS.app; sourceTree = BUILT_PRODUCTS_DIR; };
		41912AC521C17A4E00701C6E /* AppDelegate.swift */ = {isa = PBXFileReference; lastKnownFileType = sourcecode.swift; path = AppDelegate.swift; sourceTree = "<group>"; };
		41912ACA21C17A4E00701C6E /* Base */ = {isa = PBXFileReference; lastKnownFileType = file.storyboard; name = Base; path = Base.lproj/Main.storyboard; sourceTree = "<group>"; };
		41912ACC21C17A5200701C6E /* Assets.xcassets */ = {isa = PBXFileReference; lastKnownFileType = folder.assetcatalog; path = Assets.xcassets; sourceTree = "<group>"; };
		41912ACF21C17A5200701C6E /* Base */ = {isa = PBXFileReference; lastKnownFileType = file.storyboard; name = Base; path = Base.lproj/LaunchScreen.storyboard; sourceTree = "<group>"; };
		41912AD121C17A5200701C6E /* Info.plist */ = {isa = PBXFileReference; lastKnownFileType = text.plist.xml; path = Info.plist; sourceTree = "<group>"; };
		41912AD721C17D3100701C6E /* Post.swift */ = {isa = PBXFileReference; lastKnownFileType = sourcecode.swift; path = Post.swift; sourceTree = "<group>"; };
		41912ADB21C181A200701C6E /* PostController.swift */ = {isa = PBXFileReference; lastKnownFileType = sourcecode.swift; path = PostController.swift; sourceTree = "<group>"; };
		41912ADD21C18C1C00701C6E /* PostListTableViewController.swift */ = {isa = PBXFileReference; lastKnownFileType = sourcecode.swift; path = PostListTableViewController.swift; sourceTree = "<group>"; };
/* End PBXFileReference section */

/* Begin PBXFrameworksBuildPhase section */
		41912ABF21C17A4E00701C6E /* Frameworks */ = {
			isa = PBXFrameworksBuildPhase;
			buildActionMask = 2147483647;
			files = (
			);
			runOnlyForDeploymentPostprocessing = 0;
		};
/* End PBXFrameworksBuildPhase section */

/* Begin PBXGroup section */
		41912AB921C17A4E00701C6E = {
			isa = PBXGroup;
			children = (
				41912AC421C17A4E00701C6E /* WhyiOS */,
				41912AC321C17A4E00701C6E /* Products */,
			);
			sourceTree = "<group>";
		};
		41912AC321C17A4E00701C6E /* Products */ = {
			isa = PBXGroup;
			children = (
				41912AC221C17A4E00701C6E /* WhyiOS.app */,
			);
			name = Products;
			sourceTree = "<group>";
		};
		41912AC421C17A4E00701C6E /* WhyiOS */ = {
			isa = PBXGroup;
			children = (
				41912AD921C1817C00701C6E /* Models */,
				41912ADA21C1818B00701C6E /* Resources */,
			);
			path = WhyiOS;
			sourceTree = "<group>";
		};
		41912AD921C1817C00701C6E /* Models */ = {
			isa = PBXGroup;
			children = (
				41912AD721C17D3100701C6E /* Post.swift */,
			);
			path = Models;
			sourceTree = "<group>";
		};
		41912ADA21C1818B00701C6E /* Resources */ = {
			isa = PBXGroup;
			children = (
				41912AC521C17A4E00701C6E /* AppDelegate.swift */,
				41912AC921C17A4E00701C6E /* Main.storyboard */,
				41912ADD21C18C1C00701C6E /* PostListTableViewController.swift */,
				41912ACC21C17A5200701C6E /* Assets.xcassets */,
				41912ACE21C17A5200701C6E /* LaunchScreen.storyboard */,
				41912AD121C17A5200701C6E /* Info.plist */,
				41912ADB21C181A200701C6E /* PostController.swift */,
			);
			path = Resources;
			sourceTree = "<group>";
		};
/* End PBXGroup section */

/* Begin PBXNativeTarget section */
		41912AC121C17A4E00701C6E /* WhyiOS */ = {
			isa = PBXNativeTarget;
			buildConfigurationList = 41912AD421C17A5200701C6E /* Build configuration list for PBXNativeTarget "WhyiOS" */;
			buildPhases = (
				41912ABE21C17A4E00701C6E /* Sources */,
				41912ABF21C17A4E00701C6E /* Frameworks */,
				41912AC021C17A4E00701C6E /* Resources */,
			);
			buildRules = (
			);
			dependencies = (
			);
			name = WhyiOS;
			productName = WhyiOS;
			productReference = 41912AC221C17A4E00701C6E /* WhyiOS.app */;
			productType = "com.apple.product-type.application";
		};
/* End PBXNativeTarget section */

/* Begin PBXProject section */
		41912ABA21C17A4E00701C6E /* Project object */ = {
			isa = PBXProject;
			attributes = {
				LastSwiftUpdateCheck = 1010;
				LastUpgradeCheck = 1010;
				ORGANIZATIONNAME = "Thomas Cowern New";
				TargetAttributes = {
					41912AC121C17A4E00701C6E = {
						CreatedOnToolsVersion = 10.1;
					};
				};
			};
			buildConfigurationList = 41912ABD21C17A4E00701C6E /* Build configuration list for PBXProject "WhyiOS" */;
			compatibilityVersion = "Xcode 9.3";
			developmentRegion = en;
			hasScannedForEncodings = 0;
			knownRegions = (
				en,
				Base,
			);
			mainGroup = 41912AB921C17A4E00701C6E;
			productRefGroup = 41912AC321C17A4E00701C6E /* Products */;
			projectDirPath = "";
			projectRoot = "";
			targets = (
				41912AC121C17A4E00701C6E /* WhyiOS */,
			);
		};
/* End PBXProject section */

/* Begin PBXResourcesBuildPhase section */
		41912AC021C17A4E00701C6E /* Resources */ = {
			isa = PBXResourcesBuildPhase;
			buildActionMask = 2147483647;
			files = (
				41912AD021C17A5200701C6E /* LaunchScreen.storyboard in Resources */,
				41912ACD21C17A5200701C6E /* Assets.xcassets in Resources */,
				41912ACB21C17A4E00701C6E /* Main.storyboard in Resources */,
			);
			runOnlyForDeploymentPostprocessing = 0;
		};
/* End PBXResourcesBuildPhase section */

/* Begin PBXSourcesBuildPhase section */
		41912ABE21C17A4E00701C6E /* Sources */ = {
			isa = PBXSourcesBuildPhase;
			buildActionMask = 2147483647;
			files = (
				41912AC621C17A4E00701C6E /* AppDelegate.swift in Sources */,
				41912AD821C17D3100701C6E /* Post.swift in Sources */,
				41912ADC21C181A200701C6E /* PostController.swift in Sources */,
				41912ADE21C18C1C00701C6E /* PostListTableViewController.swift in Sources */,
			);
			runOnlyForDeploymentPostprocessing = 0;
		};
/* End PBXSourcesBuildPhase section */

/* Begin PBXVariantGroup section */
		41912AC921C17A4E00701C6E /* Main.storyboard */ = {
			isa = PBXVariantGroup;
			children = (
				41912ACA21C17A4E00701C6E /* Base */,
			);
			name = Main.storyboard;
			sourceTree = "<group>";
		};
		41912ACE21C17A5200701C6E /* LaunchScreen.storyboard */ = {
			isa = PBXVariantGroup;
			children = (
				41912ACF21C17A5200701C6E /* Base */,
			);
			name = LaunchScreen.storyboard;
			sourceTree = "<group>";
		};
/* End PBXVariantGroup section */

/* Begin XCBuildConfiguration section */
		41912AD221C17A5200701C6E /* Debug */ = {
			isa = XCBuildConfiguration;
			buildSettings = {
				ALWAYS_SEARCH_USER_PATHS = NO;
				CLANG_ANALYZER_NONNULL = YES;
				CLANG_ANALYZER_NUMBER_OBJECT_CONVERSION = YES_AGGRESSIVE;
				CLANG_CXX_LANGUAGE_STANDARD = "gnu++14";
				CLANG_CXX_LIBRARY = "libc++";
				CLANG_ENABLE_MODULES = YES;
				CLANG_ENABLE_OBJC_ARC = YES;
				CLANG_ENABLE_OBJC_WEAK = YES;
				CLANG_WARN_BLOCK_CAPTURE_AUTORELEASING = YES;
				CLANG_WARN_BOOL_CONVERSION = YES;
				CLANG_WARN_COMMA = YES;
				CLANG_WARN_CONSTANT_CONVERSION = YES;
				CLANG_WARN_DEPRECATED_OBJC_IMPLEMENTATIONS = YES;
				CLANG_WARN_DIRECT_OBJC_ISA_USAGE = YES_ERROR;
				CLANG_WARN_DOCUMENTATION_COMMENTS = YES;
				CLANG_WARN_EMPTY_BODY = YES;
				CLANG_WARN_ENUM_CONVERSION = YES;
				CLANG_WARN_INFINITE_RECURSION = YES;
				CLANG_WARN_INT_CONVERSION = YES;
				CLANG_WARN_NON_LITERAL_NULL_CONVERSION = YES;
				CLANG_WARN_OBJC_IMPLICIT_RETAIN_SELF = YES;
				CLANG_WARN_OBJC_LITERAL_CONVERSION = YES;
				CLANG_WARN_OBJC_ROOT_CLASS = YES_ERROR;
				CLANG_WARN_RANGE_LOOP_ANALYSIS = YES;
				CLANG_WARN_STRICT_PROTOTYPES = YES;
				CLANG_WARN_SUSPICIOUS_MOVE = YES;
				CLANG_WARN_UNGUARDED_AVAILABILITY = YES_AGGRESSIVE;
				CLANG_WARN_UNREACHABLE_CODE = YES;
				CLANG_WARN__DUPLICATE_METHOD_MATCH = YES;
				CODE_SIGN_IDENTITY = "iPhone Developer";
				COPY_PHASE_STRIP = NO;
				DEBUG_INFORMATION_FORMAT = dwarf;
				ENABLE_STRICT_OBJC_MSGSEND = YES;
				ENABLE_TESTABILITY = YES;
				GCC_C_LANGUAGE_STANDARD = gnu11;
				GCC_DYNAMIC_NO_PIC = NO;
				GCC_NO_COMMON_BLOCKS = YES;
				GCC_OPTIMIZATION_LEVEL = 0;
				GCC_PREPROCESSOR_DEFINITIONS = (
					"DEBUG=1",
					"$(inherited)",
				);
				GCC_WARN_64_TO_32_BIT_CONVERSION = YES;
				GCC_WARN_ABOUT_RETURN_TYPE = YES_ERROR;
				GCC_WARN_UNDECLARED_SELECTOR = YES;
				GCC_WARN_UNINITIALIZED_AUTOS = YES_AGGRESSIVE;
				GCC_WARN_UNUSED_FUNCTION = YES;
				GCC_WARN_UNUSED_VARIABLE = YES;
				IPHONEOS_DEPLOYMENT_TARGET = 12.1;
				MTL_ENABLE_DEBUG_INFO = INCLUDE_SOURCE;
				MTL_FAST_MATH = YES;
				ONLY_ACTIVE_ARCH = YES;
				SDKROOT = iphoneos;
				SWIFT_ACTIVE_COMPILATION_CONDITIONS = DEBUG;
				SWIFT_OPTIMIZATION_LEVEL = "-Onone";
			};
			name = Debug;
		};
		41912AD321C17A5200701C6E /* Release */ = {
			isa = XCBuildConfiguration;
			buildSettings = {
				ALWAYS_SEARCH_USER_PATHS = NO;
				CLANG_ANALYZER_NONNULL = YES;
				CLANG_ANALYZER_NUMBER_OBJECT_CONVERSION = YES_AGGRESSIVE;
				CLANG_CXX_LANGUAGE_STANDARD = "gnu++14";
				CLANG_CXX_LIBRARY = "libc++";
				CLANG_ENABLE_MODULES = YES;
				CLANG_ENABLE_OBJC_ARC = YES;
				CLANG_ENABLE_OBJC_WEAK = YES;
				CLANG_WARN_BLOCK_CAPTURE_AUTORELEASING = YES;
				CLANG_WARN_BOOL_CONVERSION = YES;
				CLANG_WARN_COMMA = YES;
				CLANG_WARN_CONSTANT_CONVERSION = YES;
				CLANG_WARN_DEPRECATED_OBJC_IMPLEMENTATIONS = YES;
				CLANG_WARN_DIRECT_OBJC_ISA_USAGE = YES_ERROR;
				CLANG_WARN_DOCUMENTATION_COMMENTS = YES;
				CLANG_WARN_EMPTY_BODY = YES;
				CLANG_WARN_ENUM_CONVERSION = YES;
				CLANG_WARN_INFINITE_RECURSION = YES;
				CLANG_WARN_INT_CONVERSION = YES;
				CLANG_WARN_NON_LITERAL_NULL_CONVERSION = YES;
				CLANG_WARN_OBJC_IMPLICIT_RETAIN_SELF = YES;
				CLANG_WARN_OBJC_LITERAL_CONVERSION = YES;
				CLANG_WARN_OBJC_ROOT_CLASS = YES_ERROR;
				CLANG_WARN_RANGE_LOOP_ANALYSIS = YES;
				CLANG_WARN_STRICT_PROTOTYPES = YES;
				CLANG_WARN_SUSPICIOUS_MOVE = YES;
				CLANG_WARN_UNGUARDED_AVAILABILITY = YES_AGGRESSIVE;
				CLANG_WARN_UNREACHABLE_CODE = YES;
				CLANG_WARN__DUPLICATE_METHOD_MATCH = YES;
				CODE_SIGN_IDENTITY = "iPhone Developer";
				COPY_PHASE_STRIP = NO;
				DEBUG_INFORMATION_FORMAT = "dwarf-with-dsym";
				ENABLE_NS_ASSERTIONS = NO;
				ENABLE_STRICT_OBJC_MSGSEND = YES;
				GCC_C_LANGUAGE_STANDARD = gnu11;
				GCC_NO_COMMON_BLOCKS = YES;
				GCC_WARN_64_TO_32_BIT_CONVERSION = YES;
				GCC_WARN_ABOUT_RETURN_TYPE = YES_ERROR;
				GCC_WARN_UNDECLARED_SELECTOR = YES;
				GCC_WARN_UNINITIALIZED_AUTOS = YES_AGGRESSIVE;
				GCC_WARN_UNUSED_FUNCTION = YES;
				GCC_WARN_UNUSED_VARIABLE = YES;
				IPHONEOS_DEPLOYMENT_TARGET = 12.1;
				MTL_ENABLE_DEBUG_INFO = NO;
				MTL_FAST_MATH = YES;
				SDKROOT = iphoneos;
				SWIFT_COMPILATION_MODE = wholemodule;
				SWIFT_OPTIMIZATION_LEVEL = "-O";
				VALIDATE_PRODUCT = YES;
			};
			name = Release;
		};
		41912AD521C17A5200701C6E /* Debug */ = {
			isa = XCBuildConfiguration;
			buildSettings = {
				ASSETCATALOG_COMPILER_APPICON_NAME = AppIcon;
				CODE_SIGN_STYLE = Automatic;
				DEVELOPMENT_TEAM = 56F54J4H3N;
				INFOPLIST_FILE = "$(SRCROOT)/WhyiOS/Resources/Info.plist";
				LD_RUNPATH_SEARCH_PATHS = (
					"$(inherited)",
					"@executable_path/Frameworks",
				);
				PRODUCT_BUNDLE_IDENTIFIER = com.vetDevHouse.WhyiOS;
				PRODUCT_NAME = "$(TARGET_NAME)";
				SWIFT_VERSION = 4.2;
				TARGETED_DEVICE_FAMILY = "1,2";
			};
			name = Debug;
		};
		41912AD621C17A5200701C6E /* Release */ = {
			isa = XCBuildConfiguration;
			buildSettings = {
				ASSETCATALOG_COMPILER_APPICON_NAME = AppIcon;
				CODE_SIGN_STYLE = Automatic;
				DEVELOPMENT_TEAM = 56F54J4H3N;
				INFOPLIST_FILE = "$(SRCROOT)/WhyiOS/Resources/Info.plist";
				LD_RUNPATH_SEARCH_PATHS = (
					"$(inherited)",
					"@executable_path/Frameworks",
				);
				PRODUCT_BUNDLE_IDENTIFIER = com.vetDevHouse.WhyiOS;
				PRODUCT_NAME = "$(TARGET_NAME)";
				SWIFT_VERSION = 4.2;
				TARGETED_DEVICE_FAMILY = "1,2";
			};
			name = Release;
		};
/* End XCBuildConfiguration section */

/* Begin XCConfigurationList section */
		41912ABD21C17A4E00701C6E /* Build configuration list for PBXProject "WhyiOS" */ = {
			isa = XCConfigurationList;
			buildConfigurations = (
				41912AD221C17A5200701C6E /* Debug */,
				41912AD321C17A5200701C6E /* Release */,
			);
			defaultConfigurationIsVisible = 0;
			defaultConfigurationName = Release;
		};
		41912AD421C17A5200701C6E /* Build configuration list for PBXNativeTarget "WhyiOS" */ = {
			isa = XCConfigurationList;
			buildConfigurations = (
				41912AD521C17A5200701C6E /* Debug */,
				41912AD621C17A5200701C6E /* Release */,
			);
			defaultConfigurationIsVisible = 0;
			defaultConfigurationName = Release;
		};
/* End XCConfigurationList section */
	};
	rootObject = 41912ABA21C17A4E00701C6E /* Project object */;
}
